
Microsoft Visual Studio Solution File, Format Version 12.00
# Visual Studio Version 16
VisualStudioVersion = 16.0.30717.126
MinimumVisualStudioVersion = 10.0.40219.1
Project("{9A19103F-16F7-4668-BE54-9A1E7A4F7556}") = "VigenereCode", "VigenereCode\VigenereCode.csproj", "{816C5A18-FBCA-47B9-B51B-9CCD6B1CE709}"
EndProject
Project("{FAE04EC0-301F-11D3-BF4B-00C04F79EFBC}") = "VigenereCodeTests", "VigenereCodeTests\VigenereCodeTests.csproj", "{C8A71775-F83D-4333-A67F-F10A033AD4E5}"
EndProject
Global
	GlobalSection(SolutionConfigurationPlatforms) = preSolution
		Debug|Any CPU = Debug|Any CPU
		Release|Any CPU = Release|Any CPU
	EndGlobalSection
	GlobalSection(ProjectConfigurationPlatforms) = postSolution
		{816C5A18-FBCA-47B9-B51B-9CCD6B1CE709}.Debug|Any CPU.ActiveCfg = Debug|Any CPU
		{816C5A18-FBCA-47B9-B51B-9CCD6B1CE709}.Debug|Any CPU.Build.0 = Debug|Any CPU
		{816C5A18-FBCA-47B9-B51B-9CCD6B1CE709}.Release|Any CPU.ActiveCfg = Release|Any CPU
		{816C5A18-FBCA-47B9-B51B-9CCD6B1CE709}.Release|Any CPU.Build.0 = Release|Any CPU
		{C8A71775-F83D-4333-A67F-F10A033AD4E5}.Debug|Any CPU.ActiveCfg = Debug|Any CPU
		{C8A71775-F83D-4333-A67F-F10A033AD4E5}.Debug|Any CPU.Build.0 = Debug|Any CPU
		{C8A71775-F83D-4333-A67F-F10A033AD4E5}.Release|Any CPU.ActiveCfg = Release|Any CPU
		{C8A71775-F83D-4333-A67F-F10A033AD4E5}.Release|Any CPU.Build.0 = Release|Any CPU
	EndGlobalSection
	GlobalSection(SolutionProperties) = preSolution
		HideSolutionNode = FALSE
	EndGlobalSection
	GlobalSection(ExtensibilityGlobals) = postSolution
		SolutionGuid = {376AADCA-449C-4A96-BFBC-C01737F3F92B}
	EndGlobalSection
EndGlobal
